
Microsoft Visual Studio Solution File, Format Version 12.00
# Visual Studio 2013
VisualStudioVersion = 12.0.30501.0
MinimumVisualStudioVersion = 10.0.40219.1
Project("{FAE04EC0-301F-11D3-BF4B-00C04F79EFBC}") = "CHWGameEngine", "CHWGameEngine\CHWGameEngine.csproj", "{AEC0E4F3-9AFF-4BF5-8449-7E6B397278F1}"
EndProject
Project("{FAE04EC0-301F-11D3-BF4B-00C04F79EFBC}") = "TestEngine", "TestEngine\TestEngine.csproj", "{D9564084-4D37-4BF5-8F39-8EBE4BF793AB}"
EndProject
Global
	GlobalSection(SolutionConfigurationPlatforms) = preSolution
		Debug|Any CPU = Debug|Any CPU
		Release|Any CPU = Release|Any CPU
	EndGlobalSection
	GlobalSection(ProjectConfigurationPlatforms) = postSolution
		{AEC0E4F3-9AFF-4BF5-8449-7E6B397278F1}.Debug|Any CPU.ActiveCfg = Debug|Any CPU
		{AEC0E4F3-9AFF-4BF5-8449-7E6B397278F1}.Debug|Any CPU.Build.0 = Debug|Any CPU
		{AEC0E4F3-9AFF-4BF5-8449-7E6B397278F1}.Release|Any CPU.ActiveCfg = Release|Any CPU
		{AEC0E4F3-9AFF-4BF5-8449-7E6B397278F1}.Release|Any CPU.Build.0 = Release|Any CPU
		{D9564084-4D37-4BF5-8F39-8EBE4BF793AB}.Debug|Any CPU.ActiveCfg = Debug|Any CPU
		{D9564084-4D37-4BF5-8F39-8EBE4BF793AB}.Debug|Any CPU.Build.0 = Debug|Any CPU
		{D9564084-4D37-4BF5-8F39-8EBE4BF793AB}.Release|Any CPU.ActiveCfg = Release|Any CPU
		{D9564084-4D37-4BF5-8F39-8EBE4BF793AB}.Release|Any CPU.Build.0 = Release|Any CPU
	EndGlobalSection
	GlobalSection(SolutionProperties) = preSolution
		HideSolutionNode = FALSE
	EndGlobalSection
EndGlobal
